<Solution>
  <Folder Name="/CommisionCalculator.API/">
    <Project Path="CommisionCalculator/CommisionCalculator.csproj" />
  </Folder>
  <Folder Name="/CommisionCalculator.Application/">
    <Project Path="CommisionCalculator.Application/CommisionCalculator.Application.csproj" />
  </Folder>
  <Folder Name="/CommisionCalculator.Communication/">
    <Project Path="CommisionCalculator.Communication/CommisionCalculator.Communication.csproj" />
  </Folder>
  <Folder Name="/CommisionCalculator.Domain/">
    <Project Path="CommisionCalculator.Domain/CommisionCalculator.Domain.csproj" />
  </Folder>
  <Folder Name="/CommisionCalculator.Exception/">
    <Project Path="CommisionCalculator.Exception/CommisionCalculator.Exception.csproj" Id="25772465-9999-4069-b95e-0ebbcb27078e" />
  </Folder>
</Solution>
